
Microsoft Visual Studio Solution File, Format Version 12.00
# Visual Studio Version 17
VisualStudioVersion = 17.2.32519.379
MinimumVisualStudioVersion = 10.0.40219.1
Project("{FAE04EC0-301F-11D3-BF4B-00C04F79EFBC}") = "Film_laba1", "Film_laba1\Film_laba1.csproj", "{577EE80B-9AA8-41B9-A53B-544C2F05E62D}"
EndProject
Global
	GlobalSection(SolutionConfigurationPlatforms) = preSolution
		Debug|Any CPU = Debug|Any CPU
		Release|Any CPU = Release|Any CPU
	EndGlobalSection
	GlobalSection(ProjectConfigurationPlatforms) = postSolution
		{577EE80B-9AA8-41B9-A53B-544C2F05E62D}.Debug|Any CPU.ActiveCfg = Debug|Any CPU
		{577EE80B-9AA8-41B9-A53B-544C2F05E62D}.Debug|Any CPU.Build.0 = Debug|Any CPU
		{577EE80B-9AA8-41B9-A53B-544C2F05E62D}.Release|Any CPU.ActiveCfg = Release|Any CPU
		{577EE80B-9AA8-41B9-A53B-544C2F05E62D}.Release|Any CPU.Build.0 = Release|Any CPU
	EndGlobalSection
	GlobalSection(SolutionProperties) = preSolution
		HideSolutionNode = FALSE
	EndGlobalSection
	GlobalSection(ExtensibilityGlobals) = postSolution
		SolutionGuid = {928DBB67-BC05-405F-A126-6A8C62EC5C11}
	EndGlobalSection
EndGlobal
